
Microsoft Visual Studio Solution File, Format Version 11.00
# Visual Studio 2010
Project("{FAE04EC0-301F-11D3-BF4B-00C04F79EFBC}") = "Baser.net", "Baser.net.csproj", "{21F29B74-23A1-4EAB-B359-206EF926983A}"
EndProject
Global
	GlobalSection(SolutionConfigurationPlatforms) = preSolution
		Debug|Any CPU = Debug|Any CPU
		Release|Any CPU = Release|Any CPU
	EndGlobalSection
	GlobalSection(ProjectConfigurationPlatforms) = postSolution
		{21F29B74-23A1-4EAB-B359-206EF926983A}.Debug|Any CPU.ActiveCfg = Debug|Any CPU
		{21F29B74-23A1-4EAB-B359-206EF926983A}.Debug|Any CPU.Build.0 = Debug|Any CPU
		{21F29B74-23A1-4EAB-B359-206EF926983A}.Release|Any CPU.ActiveCfg = Release|Any CPU
		{21F29B74-23A1-4EAB-B359-206EF926983A}.Release|Any CPU.Build.0 = Release|Any CPU
	EndGlobalSection
	GlobalSection(SolutionProperties) = preSolution
		HideSolutionNode = FALSE
	EndGlobalSection
EndGlobal
